
Microsoft Visual Studio Solution File, Format Version 12.00
# Visual Studio 15
VisualStudioVersion = 15.0.28010.2046
MinimumVisualStudioVersion = 10.0.40219.1
Project("{FAE04EC0-301F-11D3-BF4B-00C04F79EFBC}") = "OrderWinF", "OrderWinF\OrderWinF.csproj", "{FA6DF52E-8B69-4A2B-B145-0EE54B8A6495}"
EndProject
Global
	GlobalSection(SolutionConfigurationPlatforms) = preSolution
		Debug|Any CPU = Debug|Any CPU
		Release|Any CPU = Release|Any CPU
	EndGlobalSection
	GlobalSection(ProjectConfigurationPlatforms) = postSolution
		{FA6DF52E-8B69-4A2B-B145-0EE54B8A6495}.Debug|Any CPU.ActiveCfg = Debug|Any CPU
		{FA6DF52E-8B69-4A2B-B145-0EE54B8A6495}.Debug|Any CPU.Build.0 = Debug|Any CPU
		{FA6DF52E-8B69-4A2B-B145-0EE54B8A6495}.Release|Any CPU.ActiveCfg = Release|Any CPU
		{FA6DF52E-8B69-4A2B-B145-0EE54B8A6495}.Release|Any CPU.Build.0 = Release|Any CPU
	EndGlobalSection
	GlobalSection(SolutionProperties) = preSolution
		HideSolutionNode = FALSE
	EndGlobalSection
	GlobalSection(ExtensibilityGlobals) = postSolution
		SolutionGuid = {F31A4D70-D8D2-41D5-9B86-3E88852D14BD}
	EndGlobalSection
EndGlobal
